# THIS IS AN AUTOGENERATED FILE. DO NOT EDIT THIS FILE DIRECTLY.
# yarn lockfile v1


miniprogram-api-typings@^2.10.3:
  version "2.10.3"
  resolved "https://registry.yarnpkg.com/miniprogram-api-typings/-/miniprogram-api-typings-2.10.3.tgz#68597092d88176c95674ff20c09816f63b329089"
  integrity sha512-1YQlAnqTggbQrNGaAl5ydlt3p+IiNawO+uNumcJCi16iLh0UQDAKp1F3h5+Wsk34YZbMHNwVMjbW5vJXGz8kdQ==

typescript@^3.5.2:
  version "3.5.2"
  resolved "https://registry.yarnpkg.com/typescript/-/typescript-3.5.2.tgz#a09e1dc69bc9551cadf17dba10ee42cf55e5d56c"
  integrity sha512-7KxJovlYhTX5RaRbUdkAXN1KUZ8PwWlTzQdHV6xNqvuFOs7+WBo10TQUqT19Q/Jz2hk5v9TQDIhyLhhJY4p5AA==
